// !$*UTF8*$!
{
	archiveVersion = 1;
	classes = {
	};
	objectVersion = 46;
	objects = {

/* Begin PBXBuildFile section */
		6DAD759F1EA128BD0033126B /* AppDelegate.swift in Sources */ = {isa = PBXBuildFile; fileRef = 6DAD759E1EA128BD0033126B /* AppDelegate.swift */; };
		6DAD75A11EA128BD0033126B /* ViewController.swift in Sources */ = {isa = PBXBuildFile; fileRef = 6DAD75A01EA128BD0033126B /* ViewController.swift */; };
		6DAD75A41EA128BD0033126B /* Main.storyboard in Resources */ = {isa = PBXBuildFile; fileRef = 6DAD75A21EA128BD0033126B /* Main.storyboard */; };
		6DAD75A61EA128BD0033126B /* Assets.xcassets in Resources */ = {isa = PBXBuildFile; fileRef = 6DAD75A51EA128BD0033126B /* Assets.xcassets */; };
		6DAD75A91EA128BD0033126B /* LaunchScreen.storyboard in Resources */ = {isa = PBXBuildFile; fileRef = 6DAD75A71EA128BD0033126B /* LaunchScreen.storyboard */; };
		6DAD75B11EA129D90033126B /* MainViewController.swift in Sources */ = {isa = PBXBuildFile; fileRef = 6DAD75B01EA129D90033126B /* MainViewController.swift */; };
		6DAD75B31EA12E5D0033126B /* Dictionary.swift in Sources */ = {isa = PBXBuildFile; fileRef = 6DAD75B21EA12E5D0033126B /* Dictionary.swift */; };
/* End PBXBuildFile section */

/* Begin PBXFileReference section */
		6DAD759B1EA128BD0033126B /* Dictionary.app */ = {isa = PBXFileReference; explicitFileType = wrapper.application; includeInIndex = 0; path = Dictionary.app; sourceTree = BUILT_PRODUCTS_DIR; };
		6DAD759E1EA128BD0033126B /* AppDelegate.swift */ = {isa = PBXFileReference; lastKnownFileType = sourcecode.swift; path = AppDelegate.swift; sourceTree = "<group>"; };
		6DAD75A01EA128BD0033126B /* ViewController.swift */ = {isa = PBXFileReference; lastKnownFileType = sourcecode.swift; path = ViewController.swift; sourceTree = "<group>"; };
		6DAD75A31EA128BD0033126B /* Base */ = {isa = PBXFileReference; lastKnownFileType = file.storyboard; name = Base; path = Base.lproj/Main.storyboard; sourceTree = "<group>"; };
		6DAD75A51EA128BD0033126B /* Assets.xcassets */ = {isa = PBXFileReference; lastKnownFileType = folder.assetcatalog; path = Assets.xcassets; sourceTree = "<group>"; };
		6DAD75A81EA128BD0033126B /* Base */ = {isa = PBXFileReference; lastKnownFileType = file.storyboard; name = Base; path = Base.lproj/LaunchScreen.storyboard; sourceTree = "<group>"; };
		6DAD75AA1EA128BD0033126B /* Info.plist */ = {isa = PBXFileReference; lastKnownFileType = text.plist.xml; path = Info.plist; sourceTree = "<group>"; };
		6DAD75B01EA129D90033126B /* MainViewController.swift */ = {isa = PBXFileReference; fileEncoding = 4; lastKnownFileType = sourcecode.swift; path = MainViewController.swift; sourceTree = "<group>"; };
		6DAD75B21EA12E5D0033126B /* Dictionary.swift */ = {isa = PBXFileReference; fileEncoding = 4; lastKnownFileType = sourcecode.swift; path = Dictionary.swift; sourceTree = "<group>"; };
/* End PBXFileReference section */

/* Begin PBXFrameworksBuildPhase section */
		6DAD75981EA128BD0033126B /* Frameworks */ = {
			isa = PBXFrameworksBuildPhase;
			buildActionMask = 2147483647;
			files = (
			);
			runOnlyForDeploymentPostprocessing = 0;
		};
/* End PBXFrameworksBuildPhase section */

/* Begin PBXGroup section */
		6DAD75921EA128BD0033126B = {
			isa = PBXGroup;
			children = (
				6DAD759D1EA128BD0033126B /* Dictionary */,
				6DAD759C1EA128BD0033126B /* Products */,
			);
			sourceTree = "<group>";
		};
		6DAD759C1EA128BD0033126B /* Products */ = {
			isa = PBXGroup;
			children = (
				6DAD759B1EA128BD0033126B /* Dictionary.app */,
			);
			name = Products;
			sourceTree = "<group>";
		};
		6DAD759D1EA128BD0033126B /* Dictionary */ = {
			isa = PBXGroup;
			children = (
				6DAD759E1EA128BD0033126B /* AppDelegate.swift */,
				6DAD75A01EA128BD0033126B /* ViewController.swift */,
				6DAD75A21EA128BD0033126B /* Main.storyboard */,
				6DAD75B01EA129D90033126B /* MainViewController.swift */,
				6DAD75B21EA12E5D0033126B /* Dictionary.swift */,
				6DAD75A51EA128BD0033126B /* Assets.xcassets */,
				6DAD75A71EA128BD0033126B /* LaunchScreen.storyboard */,
				6DAD75AA1EA128BD0033126B /* Info.plist */,
			);
			path = Dictionary;
			sourceTree = "<group>";
		};
/* End PBXGroup section */

/* Begin PBXNativeTarget section */
		6DAD759A1EA128BD0033126B /* Dictionary */ = {
			isa = PBXNativeTarget;
			buildConfigurationList = 6DAD75AD1EA128BD0033126B /* Build configuration list for PBXNativeTarget "Dictionary" */;
			buildPhases = (
				6DAD75971EA128BD0033126B /* Sources */,
				6DAD75981EA128BD0033126B /* Frameworks */,
				6DAD75991EA128BD0033126B /* Resources */,
			);
			buildRules = (
			);
			dependencies = (
			);
			name = Dictionary;
			productName = Dictionary;
			productReference = 6DAD759B1EA128BD0033126B /* Dictionary.app */;
			productType = "com.apple.product-type.application";
		};
/* End PBXNativeTarget section */

/* Begin PBXProject section */
		6DAD75931EA128BD0033126B /* Project object */ = {
			isa = PBXProject;
			attributes = {
				LastSwiftUpdateCheck = 0830;
				LastUpgradeCheck = 0830;
				ORGANIZATIONNAME = Example;
				TargetAttributes = {
					6DAD759A1EA128BD0033126B = {
						CreatedOnToolsVersion = 8.3.1;
						ProvisioningStyle = Automatic;
					};
				};
			};
			buildConfigurationList = 6DAD75961EA128BD0033126B /* Build configuration list for PBXProject "Dictionary" */;
			compatibilityVersion = "Xcode 3.2";
			developmentRegion = English;
			hasScannedForEncodings = 0;
			knownRegions = (
				en,
				Base,
			);
			mainGroup = 6DAD75921EA128BD0033126B;
			productRefGroup = 6DAD759C1EA128BD0033126B /* Products */;
			projectDirPath = "";
			projectRoot = "";
			targets = (
				6DAD759A1EA128BD0033126B /* Dictionary */,
			);
		};
/* End PBXProject section */

/* Begin PBXResourcesBuildPhase section */
		6DAD75991EA128BD0033126B /* Resources */ = {
			isa = PBXResourcesBuildPhase;
			buildActionMask = 2147483647;
			files = (
				6DAD75A91EA128BD0033126B /* LaunchScreen.storyboard in Resources */,
				6DAD75A61EA128BD0033126B /* Assets.xcassets in Resources */,
				6DAD75A41EA128BD0033126B /* Main.storyboard in Resources */,
			);
			runOnlyForDeploymentPostprocessing = 0;
		};
/* End PBXResourcesBuildPhase section */

/* Begin PBXSourcesBuildPhase section */
		6DAD75971EA128BD0033126B /* Sources */ = {
			isa = PBXSourcesBuildPhase;
			buildActionMask = 2147483647;
			files = (
				6DAD75B11EA129D90033126B /* MainViewController.swift in Sources */,
				6DAD75B31EA12E5D0033126B /* Dictionary.swift in Sources */,
				6DAD75A11EA128BD0033126B /* ViewController.swift in Sources */,
				6DAD759F1EA128BD0033126B /* AppDelegate.swift in Sources */,
			);
			runOnlyForDeploymentPostprocessing = 0;
		};
/* End PBXSourcesBuildPhase section */

/* Begin PBXVariantGroup section */
		6DAD75A21EA128BD0033126B /* Main.storyboard */ = {
			isa = PBXVariantGroup;
			children = (
				6DAD75A31EA128BD0033126B /* Base */,
			);
			name = Main.storyboard;
			sourceTree = "<group>";
		};
		6DAD75A71EA128BD0033126B /* LaunchScreen.storyboard */ = {
			isa = PBXVariantGroup;
			children = (
				6DAD75A81EA128BD0033126B /* Base */,
			);
			name = LaunchScreen.storyboard;
			sourceTree = "<group>";
		};
/* End PBXVariantGroup section */

/* Begin XCBuildConfiguration section */
		6DAD75AB1EA128BD0033126B /* Debug */ = {
			isa = XCBuildConfiguration;
			buildSettings = {
				ALWAYS_SEARCH_USER_PATHS = NO;
				CLANG_ANALYZER_NONNULL = YES;
				CLANG_ANALYZER_NUMBER_OBJECT_CONVERSION = YES_AGGRESSIVE;
				CLANG_CXX_LANGUAGE_STANDARD = "gnu++0x";
				CLANG_CXX_LIBRARY = "libc++";
				CLANG_ENABLE_MODULES = YES;
				CLANG_ENABLE_OBJC_ARC = YES;
				CLANG_WARN_BOOL_CONVERSION = YES;
				CLANG_WARN_CONSTANT_CONVERSION = YES;
				CLANG_WARN_DIRECT_OBJC_ISA_USAGE = YES_ERROR;
				CLANG_WARN_DOCUMENTATION_COMMENTS = YES;
				CLANG_WARN_EMPTY_BODY = YES;
				CLANG_WARN_ENUM_CONVERSION = YES;
				CLANG_WARN_INFINITE_RECURSION = YES;
				CLANG_WARN_INT_CONVERSION = YES;
				CLANG_WARN_OBJC_ROOT_CLASS = YES_ERROR;
				CLANG_WARN_SUSPICIOUS_MOVE = YES;
				CLANG_WARN_UNREACHABLE_CODE = YES;
				CLANG_WARN__DUPLICATE_METHOD_MATCH = YES;
				"CODE_SIGN_IDENTITY[sdk=iphoneos*]" = "iPhone Developer";
				COPY_PHASE_STRIP = NO;
				DEBUG_INFORMATION_FORMAT = dwarf;
				ENABLE_STRICT_OBJC_MSGSEND = YES;
				ENABLE_TESTABILITY = YES;
				GCC_C_LANGUAGE_STANDARD = gnu99;
				GCC_DYNAMIC_NO_PIC = NO;
				GCC_NO_COMMON_BLOCKS = YES;
				GCC_OPTIMIZATION_LEVEL = 0;
				GCC_PREPROCESSOR_DEFINITIONS = (
					"DEBUG=1",
					"$(inherited)",
				);
				GCC_WARN_64_TO_32_BIT_CONVERSION = YES;
				GCC_WARN_ABOUT_RETURN_TYPE = YES_ERROR;
				GCC_WARN_UNDECLARED_SELECTOR = YES;
				GCC_WARN_UNINITIALIZED_AUTOS = YES_AGGRESSIVE;
				GCC_WARN_UNUSED_FUNCTION = YES;
				GCC_WARN_UNUSED_VARIABLE = YES;
				IPHONEOS_DEPLOYMENT_TARGET = 10.3;
				MTL_ENABLE_DEBUG_INFO = YES;
				ONLY_ACTIVE_ARCH = YES;
				SDKROOT = iphoneos;
				SWIFT_ACTIVE_COMPILATION_CONDITIONS = DEBUG;
				SWIFT_OPTIMIZATION_LEVEL = "-Onone";
			};
			name = Debug;
		};
		6DAD75AC1EA128BD0033126B /* Release */ = {
			isa = XCBuildConfiguration;
			buildSettings = {
				ALWAYS_SEARCH_USER_PATHS = NO;
				CLANG_ANALYZER_NONNULL = YES;
				CLANG_ANALYZER_NUMBER_OBJECT_CONVERSION = YES_AGGRESSIVE;
				CLANG_CXX_LANGUAGE_STANDARD = "gnu++0x";
				CLANG_CXX_LIBRARY = "libc++";
				CLANG_ENABLE_MODULES = YES;
				CLANG_ENABLE_OBJC_ARC = YES;
				CLANG_WARN_BOOL_CONVERSION = YES;
				CLANG_WARN_CONSTANT_CONVERSION = YES;
				CLANG_WARN_DIRECT_OBJC_ISA_USAGE = YES_ERROR;
				CLANG_WARN_DOCUMENTATION_COMMENTS = YES;
				CLANG_WARN_EMPTY_BODY = YES;
				CLANG_WARN_ENUM_CONVERSION = YES;
				CLANG_WARN_INFINITE_RECURSION = YES;
				CLANG_WARN_INT_CONVERSION = YES;
				CLANG_WARN_OBJC_ROOT_CLASS = YES_ERROR;
				CLANG_WARN_SUSPICIOUS_MOVE = YES;
				CLANG_WARN_UNREACHABLE_CODE = YES;
				CLANG_WARN__DUPLICATE_METHOD_MATCH = YES;
				"CODE_SIGN_IDENTITY[sdk=iphoneos*]" = "iPhone Developer";
				COPY_PHASE_STRIP = NO;
				DEBUG_INFORMATION_FORMAT = "dwarf-with-dsym";
				ENABLE_NS_ASSERTIONS = NO;
				ENABLE_STRICT_OBJC_MSGSEND = YES;
				GCC_C_LANGUAGE_STANDARD = gnu99;
				GCC_NO_COMMON_BLOCKS = YES;
				GCC_WARN_64_TO_32_BIT_CONVERSION = YES;
				GCC_WARN_ABOUT_RETURN_TYPE = YES_ERROR;
				GCC_WARN_UNDECLARED_SELECTOR = YES;
				GCC_WARN_UNINITIALIZED_AUTOS = YES_AGGRESSIVE;
				GCC_WARN_UNUSED_FUNCTION = YES;
				GCC_WARN_UNUSED_VARIABLE = YES;
				IPHONEOS_DEPLOYMENT_TARGET = 10.3;
				MTL_ENABLE_DEBUG_INFO = NO;
				SDKROOT = iphoneos;
				SWIFT_OPTIMIZATION_LEVEL = "-Owholemodule";
				VALIDATE_PRODUCT = YES;
			};
			name = Release;
		};
		6DAD75AE1EA128BD0033126B /* Debug */ = {
			isa = XCBuildConfiguration;
			buildSettings = {
				ASSETCATALOG_COMPILER_APPICON_NAME = AppIcon;
				INFOPLIST_FILE = Dictionary/Info.plist;
				LD_RUNPATH_SEARCH_PATHS = "$(inherited) @executable_path/Frameworks";
				PRODUCT_BUNDLE_IDENTIFIER = com.example.Dictionary;
				PRODUCT_NAME = "$(TARGET_NAME)";
				SWIFT_VERSION = 3.0;
			};
			name = Debug;
		};
		6DAD75AF1EA128BD0033126B /* Release */ = {
			isa = XCBuildConfiguration;
			buildSettings = {
				ASSETCATALOG_COMPILER_APPICON_NAME = AppIcon;
				INFOPLIST_FILE = Dictionary/Info.plist;
				LD_RUNPATH_SEARCH_PATHS = "$(inherited) @executable_path/Frameworks";
				PRODUCT_BUNDLE_IDENTIFIER = com.example.Dictionary;
				PRODUCT_NAME = "$(TARGET_NAME)";
				SWIFT_VERSION = 3.0;
			};
			name = Release;
		};
/* End XCBuildConfiguration section */

/* Begin XCConfigurationList section */
		6DAD75961EA128BD0033126B /* Build configuration list for PBXProject "Dictionary" */ = {
			isa = XCConfigurationList;
			buildConfigurations = (
				6DAD75AB1EA128BD0033126B /* Debug */,
				6DAD75AC1EA128BD0033126B /* Release */,
			);
			defaultConfigurationIsVisible = 0;
			defaultConfigurationName = Release;
		};
		6DAD75AD1EA128BD0033126B /* Build configuration list for PBXNativeTarget "Dictionary" */ = {
			isa = XCConfigurationList;
			buildConfigurations = (
				6DAD75AE1EA128BD0033126B /* Debug */,
				6DAD75AF1EA128BD0033126B /* Release */,
			);
			defaultConfigurationIsVisible = 0;
		};
/* End XCConfigurationList section */
	};
	rootObject = 6DAD75931EA128BD0033126B /* Project object */;
}
