// !$*UTF8*$!
{
	archiveVersion = 1;
	classes = {
	};
	objectVersion = 46;
	objects = {

/* Begin PBXBuildFile section */
		63C94A612074867F002F4D35 /* Temperature_ConverterUITests.swift in Sources */ = {isa = PBXBuildFile; fileRef = 63C94A602074867F002F4D35 /* Temperature_ConverterUITests.swift */; };
		6DF7CF871EB3B86600A08CB4 /* AppDelegate.swift in Sources */ = {isa = PBXBuildFile; fileRef = 6DF7CF861EB3B86600A08CB4 /* AppDelegate.swift */; };
		6DF7CF891EB3B86600A08CB4 /* ViewController.swift in Sources */ = {isa = PBXBuildFile; fileRef = 6DF7CF881EB3B86600A08CB4 /* ViewController.swift */; };
		6DF7CF8C1EB3B86600A08CB4 /* Main.storyboard in Resources */ = {isa = PBXBuildFile; fileRef = 6DF7CF8A1EB3B86600A08CB4 /* Main.storyboard */; };
		6DF7CF8E1EB3B86600A08CB4 /* Assets.xcassets in Resources */ = {isa = PBXBuildFile; fileRef = 6DF7CF8D1EB3B86600A08CB4 /* Assets.xcassets */; };
		6DF7CF911EB3B86600A08CB4 /* LaunchScreen.storyboard in Resources */ = {isa = PBXBuildFile; fileRef = 6DF7CF8F1EB3B86600A08CB4 /* LaunchScreen.storyboard */; };
		6DF7CF991EB3BFF900A08CB4 /* FahrenheitViewController.swift in Sources */ = {isa = PBXBuildFile; fileRef = 6DF7CF981EB3BFF900A08CB4 /* FahrenheitViewController.swift */; };
		6DF7CF9B1EB3C25B00A08CB4 /* CtoF.swift in Sources */ = {isa = PBXBuildFile; fileRef = 6DF7CF9A1EB3C25B00A08CB4 /* CtoF.swift */; };
		6DF7CF9D1EB3C27700A08CB4 /* FtoC.swift in Sources */ = {isa = PBXBuildFile; fileRef = 6DF7CF9C1EB3C27700A08CB4 /* FtoC.swift */; };
/* End PBXBuildFile section */

/* Begin PBXContainerItemProxy section */
		63C94A632074867F002F4D35 /* PBXContainerItemProxy */ = {
			isa = PBXContainerItemProxy;
			containerPortal = 6DF7CF7B1EB3B86500A08CB4 /* Project object */;
			proxyType = 1;
			remoteGlobalIDString = 6DF7CF821EB3B86600A08CB4;
			remoteInfo = "Temperature Converter";
		};
/* End PBXContainerItemProxy section */

/* Begin PBXFileReference section */
		63C94A5E2074867F002F4D35 /* Temperature ConverterUITests.xctest */ = {isa = PBXFileReference; explicitFileType = wrapper.cfbundle; includeInIndex = 0; path = "Temperature ConverterUITests.xctest"; sourceTree = BUILT_PRODUCTS_DIR; };
		63C94A602074867F002F4D35 /* Temperature_ConverterUITests.swift */ = {isa = PBXFileReference; lastKnownFileType = sourcecode.swift; path = Temperature_ConverterUITests.swift; sourceTree = "<group>"; };
		63C94A622074867F002F4D35 /* Info.plist */ = {isa = PBXFileReference; lastKnownFileType = text.plist.xml; path = Info.plist; sourceTree = "<group>"; };
		6DF7CF831EB3B86600A08CB4 /* Temperature Converter.app */ = {isa = PBXFileReference; explicitFileType = wrapper.application; includeInIndex = 0; path = "Temperature Converter.app"; sourceTree = BUILT_PRODUCTS_DIR; };
		6DF7CF861EB3B86600A08CB4 /* AppDelegate.swift */ = {isa = PBXFileReference; lastKnownFileType = sourcecode.swift; path = AppDelegate.swift; sourceTree = "<group>"; };
		6DF7CF881EB3B86600A08CB4 /* ViewController.swift */ = {isa = PBXFileReference; lastKnownFileType = sourcecode.swift; path = ViewController.swift; sourceTree = "<group>"; };
		6DF7CF8B1EB3B86600A08CB4 /* Base */ = {isa = PBXFileReference; lastKnownFileType = file.storyboard; name = Base; path = Base.lproj/Main.storyboard; sourceTree = "<group>"; };
		6DF7CF8D1EB3B86600A08CB4 /* Assets.xcassets */ = {isa = PBXFileReference; lastKnownFileType = folder.assetcatalog; path = Assets.xcassets; sourceTree = "<group>"; };
		6DF7CF901EB3B86600A08CB4 /* Base */ = {isa = PBXFileReference; lastKnownFileType = file.storyboard; name = Base; path = Base.lproj/LaunchScreen.storyboard; sourceTree = "<group>"; };
		6DF7CF921EB3B86600A08CB4 /* Info.plist */ = {isa = PBXFileReference; lastKnownFileType = text.plist.xml; path = Info.plist; sourceTree = "<group>"; };
		6DF7CF981EB3BFF900A08CB4 /* FahrenheitViewController.swift */ = {isa = PBXFileReference; fileEncoding = 4; lastKnownFileType = sourcecode.swift; path = FahrenheitViewController.swift; sourceTree = "<group>"; };
		6DF7CF9A1EB3C25B00A08CB4 /* CtoF.swift */ = {isa = PBXFileReference; fileEncoding = 4; lastKnownFileType = sourcecode.swift; path = CtoF.swift; sourceTree = "<group>"; };
		6DF7CF9C1EB3C27700A08CB4 /* FtoC.swift */ = {isa = PBXFileReference; fileEncoding = 4; lastKnownFileType = sourcecode.swift; path = FtoC.swift; sourceTree = "<group>"; };
/* End PBXFileReference section */

/* Begin PBXFrameworksBuildPhase section */
		63C94A5B2074867F002F4D35 /* Frameworks */ = {
			isa = PBXFrameworksBuildPhase;
			buildActionMask = 2147483647;
			files = (
			);
			runOnlyForDeploymentPostprocessing = 0;
		};
		6DF7CF801EB3B86600A08CB4 /* Frameworks */ = {
			isa = PBXFrameworksBuildPhase;
			buildActionMask = 2147483647;
			files = (
			);
			runOnlyForDeploymentPostprocessing = 0;
		};
/* End PBXFrameworksBuildPhase section */

/* Begin PBXGroup section */
		63C94A5F2074867F002F4D35 /* Temperature ConverterUITests */ = {
			isa = PBXGroup;
			children = (
				63C94A602074867F002F4D35 /* Temperature_ConverterUITests.swift */,
				63C94A622074867F002F4D35 /* Info.plist */,
			);
			path = "Temperature ConverterUITests";
			sourceTree = "<group>";
		};
		6DF7CF7A1EB3B86500A08CB4 = {
			isa = PBXGroup;
			children = (
				6DF7CF851EB3B86600A08CB4 /* Temperature Converter */,
				63C94A5F2074867F002F4D35 /* Temperature ConverterUITests */,
				6DF7CF841EB3B86600A08CB4 /* Products */,
			);
			sourceTree = "<group>";
		};
		6DF7CF841EB3B86600A08CB4 /* Products */ = {
			isa = PBXGroup;
			children = (
				6DF7CF831EB3B86600A08CB4 /* Temperature Converter.app */,
				63C94A5E2074867F002F4D35 /* Temperature ConverterUITests.xctest */,
			);
			name = Products;
			sourceTree = "<group>";
		};
		6DF7CF851EB3B86600A08CB4 /* Temperature Converter */ = {
			isa = PBXGroup;
			children = (
				6DF7CF861EB3B86600A08CB4 /* AppDelegate.swift */,
				6DF7CF881EB3B86600A08CB4 /* ViewController.swift */,
				6DF7CF981EB3BFF900A08CB4 /* FahrenheitViewController.swift */,
				6DF7CF8A1EB3B86600A08CB4 /* Main.storyboard */,
				6DF7CF9A1EB3C25B00A08CB4 /* CtoF.swift */,
				6DF7CF9C1EB3C27700A08CB4 /* FtoC.swift */,
				6DF7CF8D1EB3B86600A08CB4 /* Assets.xcassets */,
				6DF7CF8F1EB3B86600A08CB4 /* LaunchScreen.storyboard */,
				6DF7CF921EB3B86600A08CB4 /* Info.plist */,
			);
			path = "Temperature Converter";
			sourceTree = "<group>";
		};
/* End PBXGroup section */

/* Begin PBXNativeTarget section */
		63C94A5D2074867F002F4D35 /* Temperature ConverterUITests */ = {
			isa = PBXNativeTarget;
			buildConfigurationList = 63C94A672074867F002F4D35 /* Build configuration list for PBXNativeTarget "Temperature ConverterUITests" */;
			buildPhases = (
				63C94A5A2074867F002F4D35 /* Sources */,
				63C94A5B2074867F002F4D35 /* Frameworks */,
				63C94A5C2074867F002F4D35 /* Resources */,
			);
			buildRules = (
			);
			dependencies = (
				63C94A642074867F002F4D35 /* PBXTargetDependency */,
			);
			name = "Temperature ConverterUITests";
			productName = "Temperature ConverterUITests";
			productReference = 63C94A5E2074867F002F4D35 /* Temperature ConverterUITests.xctest */;
			productType = "com.apple.product-type.bundle.ui-testing";
		};
		6DF7CF821EB3B86600A08CB4 /* Temperature Converter */ = {
			isa = PBXNativeTarget;
			buildConfigurationList = 6DF7CF951EB3B86600A08CB4 /* Build configuration list for PBXNativeTarget "Temperature Converter" */;
			buildPhases = (
				6DF7CF7F1EB3B86600A08CB4 /* Sources */,
				6DF7CF801EB3B86600A08CB4 /* Frameworks */,
				6DF7CF811EB3B86600A08CB4 /* Resources */,
			);
			buildRules = (
			);
			dependencies = (
			);
			name = "Temperature Converter";
			productName = "Temperature Converter";
			productReference = 6DF7CF831EB3B86600A08CB4 /* Temperature Converter.app */;
			productType = "com.apple.product-type.application";
		};
/* End PBXNativeTarget section */

/* Begin PBXProject section */
		6DF7CF7B1EB3B86500A08CB4 /* Project object */ = {
			isa = PBXProject;
			attributes = {
				LastSwiftUpdateCheck = 0930;
				LastUpgradeCheck = 0830;
				ORGANIZATIONNAME = Example;
				TargetAttributes = {
					63C94A5D2074867F002F4D35 = {
						CreatedOnToolsVersion = 9.3;
						DevelopmentTeam = 2P7XE8M6YH;
						ProvisioningStyle = Automatic;
						TestTargetID = 6DF7CF821EB3B86600A08CB4;
					};
					6DF7CF821EB3B86600A08CB4 = {
						CreatedOnToolsVersion = 8.3.2;
						DevelopmentTeam = 2P7XE8M6YH;
						ProvisioningStyle = Automatic;
					};
				};
			};
			buildConfigurationList = 6DF7CF7E1EB3B86500A08CB4 /* Build configuration list for PBXProject "Temperature Converter" */;
			compatibilityVersion = "Xcode 3.2";
			developmentRegion = English;
			hasScannedForEncodings = 0;
			knownRegions = (
				en,
				Base,
			);
			mainGroup = 6DF7CF7A1EB3B86500A08CB4;
			productRefGroup = 6DF7CF841EB3B86600A08CB4 /* Products */;
			projectDirPath = "";
			projectRoot = "";
			targets = (
				6DF7CF821EB3B86600A08CB4 /* Temperature Converter */,
				63C94A5D2074867F002F4D35 /* Temperature ConverterUITests */,
			);
		};
/* End PBXProject section */

/* Begin PBXResourcesBuildPhase section */
		63C94A5C2074867F002F4D35 /* Resources */ = {
			isa = PBXResourcesBuildPhase;
			buildActionMask = 2147483647;
			files = (
			);
			runOnlyForDeploymentPostprocessing = 0;
		};
		6DF7CF811EB3B86600A08CB4 /* Resources */ = {
			isa = PBXResourcesBuildPhase;
			buildActionMask = 2147483647;
			files = (
				6DF7CF911EB3B86600A08CB4 /* LaunchScreen.storyboard in Resources */,
				6DF7CF8E1EB3B86600A08CB4 /* Assets.xcassets in Resources */,
				6DF7CF8C1EB3B86600A08CB4 /* Main.storyboard in Resources */,
			);
			runOnlyForDeploymentPostprocessing = 0;
		};
/* End PBXResourcesBuildPhase section */

/* Begin PBXSourcesBuildPhase section */
		63C94A5A2074867F002F4D35 /* Sources */ = {
			isa = PBXSourcesBuildPhase;
			buildActionMask = 2147483647;
			files = (
				63C94A612074867F002F4D35 /* Temperature_ConverterUITests.swift in Sources */,
			);
			runOnlyForDeploymentPostprocessing = 0;
		};
		6DF7CF7F1EB3B86600A08CB4 /* Sources */ = {
			isa = PBXSourcesBuildPhase;
			buildActionMask = 2147483647;
			files = (
				6DF7CF9D1EB3C27700A08CB4 /* FtoC.swift in Sources */,
				6DF7CF891EB3B86600A08CB4 /* ViewController.swift in Sources */,
				6DF7CF9B1EB3C25B00A08CB4 /* CtoF.swift in Sources */,
				6DF7CF871EB3B86600A08CB4 /* AppDelegate.swift in Sources */,
				6DF7CF991EB3BFF900A08CB4 /* FahrenheitViewController.swift in Sources */,
			);
			runOnlyForDeploymentPostprocessing = 0;
		};
/* End PBXSourcesBuildPhase section */

/* Begin PBXTargetDependency section */
		63C94A642074867F002F4D35 /* PBXTargetDependency */ = {
			isa = PBXTargetDependency;
			target = 6DF7CF821EB3B86600A08CB4 /* Temperature Converter */;
			targetProxy = 63C94A632074867F002F4D35 /* PBXContainerItemProxy */;
		};
/* End PBXTargetDependency section */

/* Begin PBXVariantGroup section */
		6DF7CF8A1EB3B86600A08CB4 /* Main.storyboard */ = {
			isa = PBXVariantGroup;
			children = (
				6DF7CF8B1EB3B86600A08CB4 /* Base */,
			);
			name = Main.storyboard;
			sourceTree = "<group>";
		};
		6DF7CF8F1EB3B86600A08CB4 /* LaunchScreen.storyboard */ = {
			isa = PBXVariantGroup;
			children = (
				6DF7CF901EB3B86600A08CB4 /* Base */,
			);
			name = LaunchScreen.storyboard;
			sourceTree = "<group>";
		};
/* End PBXVariantGroup section */

/* Begin XCBuildConfiguration section */
		63C94A652074867F002F4D35 /* Debug */ = {
			isa = XCBuildConfiguration;
			buildSettings = {
				CLANG_CXX_LANGUAGE_STANDARD = "gnu++14";
				CLANG_ENABLE_OBJC_WEAK = YES;
				CLANG_WARN_BLOCK_CAPTURE_AUTORELEASING = YES;
				CLANG_WARN_COMMA = YES;
				CLANG_WARN_DEPRECATED_OBJC_IMPLEMENTATIONS = YES;
				CLANG_WARN_NON_LITERAL_NULL_CONVERSION = YES;
				CLANG_WARN_OBJC_IMPLICIT_RETAIN_SELF = YES;
				CLANG_WARN_OBJC_LITERAL_CONVERSION = YES;
				CLANG_WARN_RANGE_LOOP_ANALYSIS = YES;
				CLANG_WARN_STRICT_PROTOTYPES = YES;
				CLANG_WARN_UNGUARDED_AVAILABILITY = YES_AGGRESSIVE;
				CODE_SIGN_IDENTITY = "iPhone Developer";
				CODE_SIGN_STYLE = Automatic;
				DEVELOPMENT_TEAM = 2P7XE8M6YH;
				GCC_C_LANGUAGE_STANDARD = gnu11;
				INFOPLIST_FILE = "Temperature ConverterUITests/Info.plist";
				IPHONEOS_DEPLOYMENT_TARGET = 11.3;
				LD_RUNPATH_SEARCH_PATHS = "$(inherited) @executable_path/Frameworks @loader_path/Frameworks";
				PRODUCT_BUNDLE_IDENTIFIER = "kristina.Temperature-ConverterUITests";
				PRODUCT_NAME = "$(TARGET_NAME)";
				SWIFT_VERSION = 4.0;
				TARGETED_DEVICE_FAMILY = "1,2";
				TEST_TARGET_NAME = "Temperature Converter";
			};
			name = Debug;
		};
		63C94A662074867F002F4D35 /* Release */ = {
			isa = XCBuildConfiguration;
			buildSettings = {
				CLANG_CXX_LANGUAGE_STANDARD = "gnu++14";
				CLANG_ENABLE_OBJC_WEAK = YES;
				CLANG_WARN_BLOCK_CAPTURE_AUTORELEASING = YES;
				CLANG_WARN_COMMA = YES;
				CLANG_WARN_DEPRECATED_OBJC_IMPLEMENTATIONS = YES;
				CLANG_WARN_NON_LITERAL_NULL_CONVERSION = YES;
				CLANG_WARN_OBJC_IMPLICIT_RETAIN_SELF = YES;
				CLANG_WARN_OBJC_LITERAL_CONVERSION = YES;
				CLANG_WARN_RANGE_LOOP_ANALYSIS = YES;
				CLANG_WARN_STRICT_PROTOTYPES = YES;
				CLANG_WARN_UNGUARDED_AVAILABILITY = YES_AGGRESSIVE;
				CODE_SIGN_IDENTITY = "iPhone Developer";
				CODE_SIGN_STYLE = Automatic;
				DEVELOPMENT_TEAM = 2P7XE8M6YH;
				GCC_C_LANGUAGE_STANDARD = gnu11;
				INFOPLIST_FILE = "Temperature ConverterUITests/Info.plist";
				IPHONEOS_DEPLOYMENT_TARGET = 11.3;
				LD_RUNPATH_SEARCH_PATHS = "$(inherited) @executable_path/Frameworks @loader_path/Frameworks";
				PRODUCT_BUNDLE_IDENTIFIER = "kristina.Temperature-ConverterUITests";
				PRODUCT_NAME = "$(TARGET_NAME)";
				SWIFT_VERSION = 4.0;
				TARGETED_DEVICE_FAMILY = "1,2";
				TEST_TARGET_NAME = "Temperature Converter";
			};
			name = Release;
		};
		6DF7CF931EB3B86600A08CB4 /* Debug */ = {
			isa = XCBuildConfiguration;
			buildSettings = {
				ALWAYS_SEARCH_USER_PATHS = NO;
				CLANG_ANALYZER_NONNULL = YES;
				CLANG_ANALYZER_NUMBER_OBJECT_CONVERSION = YES_AGGRESSIVE;
				CLANG_CXX_LANGUAGE_STANDARD = "gnu++0x";
				CLANG_CXX_LIBRARY = "libc++";
				CLANG_ENABLE_MODULES = YES;
				CLANG_ENABLE_OBJC_ARC = YES;
				CLANG_WARN_BOOL_CONVERSION = YES;
				CLANG_WARN_CONSTANT_CONVERSION = YES;
				CLANG_WARN_DIRECT_OBJC_ISA_USAGE = YES_ERROR;
				CLANG_WARN_DOCUMENTATION_COMMENTS = YES;
				CLANG_WARN_EMPTY_BODY = YES;
				CLANG_WARN_ENUM_CONVERSION = YES;
				CLANG_WARN_INFINITE_RECURSION = YES;
				CLANG_WARN_INT_CONVERSION = YES;
				CLANG_WARN_OBJC_ROOT_CLASS = YES_ERROR;
				CLANG_WARN_SUSPICIOUS_MOVE = YES;
				CLANG_WARN_UNREACHABLE_CODE = YES;
				CLANG_WARN__DUPLICATE_METHOD_MATCH = YES;
				"CODE_SIGN_IDENTITY[sdk=iphoneos*]" = "iPhone Developer";
				COPY_PHASE_STRIP = NO;
				DEBUG_INFORMATION_FORMAT = dwarf;
				ENABLE_STRICT_OBJC_MSGSEND = YES;
				ENABLE_TESTABILITY = YES;
				GCC_C_LANGUAGE_STANDARD = gnu99;
				GCC_DYNAMIC_NO_PIC = NO;
				GCC_NO_COMMON_BLOCKS = YES;
				GCC_OPTIMIZATION_LEVEL = 0;
				GCC_PREPROCESSOR_DEFINITIONS = (
					"DEBUG=1",
					"$(inherited)",
				);
				GCC_WARN_64_TO_32_BIT_CONVERSION = YES;
				GCC_WARN_ABOUT_RETURN_TYPE = YES_ERROR;
				GCC_WARN_UNDECLARED_SELECTOR = YES;
				GCC_WARN_UNINITIALIZED_AUTOS = YES_AGGRESSIVE;
				GCC_WARN_UNUSED_FUNCTION = YES;
				GCC_WARN_UNUSED_VARIABLE = YES;
				IPHONEOS_DEPLOYMENT_TARGET = 10.3;
				MTL_ENABLE_DEBUG_INFO = YES;
				ONLY_ACTIVE_ARCH = YES;
				SDKROOT = iphoneos;
				SWIFT_ACTIVE_COMPILATION_CONDITIONS = DEBUG;
				SWIFT_OPTIMIZATION_LEVEL = "-Onone";
			};
			name = Debug;
		};
		6DF7CF941EB3B86600A08CB4 /* Release */ = {
			isa = XCBuildConfiguration;
			buildSettings = {
				ALWAYS_SEARCH_USER_PATHS = NO;
				CLANG_ANALYZER_NONNULL = YES;
				CLANG_ANALYZER_NUMBER_OBJECT_CONVERSION = YES_AGGRESSIVE;
				CLANG_CXX_LANGUAGE_STANDARD = "gnu++0x";
				CLANG_CXX_LIBRARY = "libc++";
				CLANG_ENABLE_MODULES = YES;
				CLANG_ENABLE_OBJC_ARC = YES;
				CLANG_WARN_BOOL_CONVERSION = YES;
				CLANG_WARN_CONSTANT_CONVERSION = YES;
				CLANG_WARN_DIRECT_OBJC_ISA_USAGE = YES_ERROR;
				CLANG_WARN_DOCUMENTATION_COMMENTS = YES;
				CLANG_WARN_EMPTY_BODY = YES;
				CLANG_WARN_ENUM_CONVERSION = YES;
				CLANG_WARN_INFINITE_RECURSION = YES;
				CLANG_WARN_INT_CONVERSION = YES;
				CLANG_WARN_OBJC_ROOT_CLASS = YES_ERROR;
				CLANG_WARN_SUSPICIOUS_MOVE = YES;
				CLANG_WARN_UNREACHABLE_CODE = YES;
				CLANG_WARN__DUPLICATE_METHOD_MATCH = YES;
				"CODE_SIGN_IDENTITY[sdk=iphoneos*]" = "iPhone Developer";
				COPY_PHASE_STRIP = NO;
				DEBUG_INFORMATION_FORMAT = "dwarf-with-dsym";
				ENABLE_NS_ASSERTIONS = NO;
				ENABLE_STRICT_OBJC_MSGSEND = YES;
				GCC_C_LANGUAGE_STANDARD = gnu99;
				GCC_NO_COMMON_BLOCKS = YES;
				GCC_WARN_64_TO_32_BIT_CONVERSION = YES;
				GCC_WARN_ABOUT_RETURN_TYPE = YES_ERROR;
				GCC_WARN_UNDECLARED_SELECTOR = YES;
				GCC_WARN_UNINITIALIZED_AUTOS = YES_AGGRESSIVE;
				GCC_WARN_UNUSED_FUNCTION = YES;
				GCC_WARN_UNUSED_VARIABLE = YES;
				IPHONEOS_DEPLOYMENT_TARGET = 10.3;
				MTL_ENABLE_DEBUG_INFO = NO;
				SDKROOT = iphoneos;
				SWIFT_OPTIMIZATION_LEVEL = "-Owholemodule";
				VALIDATE_PRODUCT = YES;
			};
			name = Release;
		};
		6DF7CF961EB3B86600A08CB4 /* Debug */ = {
			isa = XCBuildConfiguration;
			buildSettings = {
				ASSETCATALOG_COMPILER_APPICON_NAME = AppIcon;
				DEVELOPMENT_TEAM = 2P7XE8M6YH;
				INFOPLIST_FILE = "Temperature Converter/Info.plist";
				LD_RUNPATH_SEARCH_PATHS = "$(inherited) @executable_path/Frameworks";
				PRODUCT_BUNDLE_IDENTIFIER = "com.example.My-Temperature-Converter";
				PRODUCT_NAME = "$(TARGET_NAME)";
				SWIFT_VERSION = 3.0;
			};
			name = Debug;
		};
		6DF7CF971EB3B86600A08CB4 /* Release */ = {
			isa = XCBuildConfiguration;
			buildSettings = {
				ASSETCATALOG_COMPILER_APPICON_NAME = AppIcon;
				DEVELOPMENT_TEAM = 2P7XE8M6YH;
				INFOPLIST_FILE = "Temperature Converter/Info.plist";
				LD_RUNPATH_SEARCH_PATHS = "$(inherited) @executable_path/Frameworks";
				PRODUCT_BUNDLE_IDENTIFIER = "com.example.My-Temperature-Converter";
				PRODUCT_NAME = "$(TARGET_NAME)";
				SWIFT_VERSION = 3.0;
			};
			name = Release;
		};
/* End XCBuildConfiguration section */

/* Begin XCConfigurationList section */
		63C94A672074867F002F4D35 /* Build configuration list for PBXNativeTarget "Temperature ConverterUITests" */ = {
			isa = XCConfigurationList;
			buildConfigurations = (
				63C94A652074867F002F4D35 /* Debug */,
				63C94A662074867F002F4D35 /* Release */,
			);
			defaultConfigurationIsVisible = 0;
			defaultConfigurationName = Release;
		};
		6DF7CF7E1EB3B86500A08CB4 /* Build configuration list for PBXProject "Temperature Converter" */ = {
			isa = XCConfigurationList;
			buildConfigurations = (
				6DF7CF931EB3B86600A08CB4 /* Debug */,
				6DF7CF941EB3B86600A08CB4 /* Release */,
			);
			defaultConfigurationIsVisible = 0;
			defaultConfigurationName = Release;
		};
		6DF7CF951EB3B86600A08CB4 /* Build configuration list for PBXNativeTarget "Temperature Converter" */ = {
			isa = XCConfigurationList;
			buildConfigurations = (
				6DF7CF961EB3B86600A08CB4 /* Debug */,
				6DF7CF971EB3B86600A08CB4 /* Release */,
			);
			defaultConfigurationIsVisible = 0;
			defaultConfigurationName = Release;
		};
/* End XCConfigurationList section */
	};
	rootObject = 6DF7CF7B1EB3B86500A08CB4 /* Project object */;
}
